
Microsoft Visual Studio Solution File, Format Version 12.00
# Visual Studio 14
VisualStudioVersion = 14.0.25420.1
MinimumVisualStudioVersion = 10.0.40219.1
Project("{2150E333-8FDC-42A3-9474-1A3956D46DE8}") = "src", "src", "{BEBEAD76-D4C9-4613-B625-EB5BE79378B6}"
EndProject
Project("{2150E333-8FDC-42A3-9474-1A3956D46DE8}") = "Solution Items", "Solution Items", "{10DE9858-57FE-49C0-AD29-49EE855AF60C}"
	ProjectSection(SolutionItems) = preProject
		global.json = global.json
	EndProjectSection
EndProject
Project("{8BB2217D-0F2D-49D1-97BC-3654ED321F3B}") = "RSA-Puzzle", "src\RSA-Puzzle\RSA-Puzzle.xproj", "{BADDFB42-38CA-4211-BE47-8AA2E9F3B744}"
EndProject
Project("{2150E333-8FDC-42A3-9474-1A3956D46DE8}") = "Mobile", "Mobile", "{04EA74D9-1693-43F2-831A-AB89711CE405}"
EndProject
Project("{FAE04EC0-301F-11D3-BF4B-00C04F79EFBC}") = "RSA-Puzzle.Android", "RSA-Puzzle.Android\RSA-Puzzle.Android.csproj", "{0673C9D4-DADB-42F6-BDAF-A71E7042AF25}"
EndProject
Project("{2150E333-8FDC-42A3-9474-1A3956D46DE8}") = "Common", "Common", "{45BA3815-5F22-464C-A9DA-93AA9713A3F8}"
EndProject
Project("{FAE04EC0-301F-11D3-BF4B-00C04F79EFBC}") = "RSA-Puzzle.Portable", "RSA-Puzzle.Portable\RSA-Puzzle.Portable.csproj", "{AA078236-9FCA-4B5F-9E6B-6A4FF574902A}"
EndProject
Global
	GlobalSection(SolutionConfigurationPlatforms) = preSolution
		Debug|Any CPU = Debug|Any CPU
		Release|Any CPU = Release|Any CPU
	EndGlobalSection
	GlobalSection(ProjectConfigurationPlatforms) = postSolution
		{BADDFB42-38CA-4211-BE47-8AA2E9F3B744}.Debug|Any CPU.ActiveCfg = Debug|Any CPU
		{BADDFB42-38CA-4211-BE47-8AA2E9F3B744}.Debug|Any CPU.Build.0 = Debug|Any CPU
		{BADDFB42-38CA-4211-BE47-8AA2E9F3B744}.Release|Any CPU.ActiveCfg = Release|Any CPU
		{BADDFB42-38CA-4211-BE47-8AA2E9F3B744}.Release|Any CPU.Build.0 = Release|Any CPU
		{0673C9D4-DADB-42F6-BDAF-A71E7042AF25}.Debug|Any CPU.ActiveCfg = Debug|Any CPU
		{0673C9D4-DADB-42F6-BDAF-A71E7042AF25}.Debug|Any CPU.Build.0 = Debug|Any CPU
		{0673C9D4-DADB-42F6-BDAF-A71E7042AF25}.Debug|Any CPU.Deploy.0 = Debug|Any CPU
		{0673C9D4-DADB-42F6-BDAF-A71E7042AF25}.Release|Any CPU.ActiveCfg = Release|Any CPU
		{0673C9D4-DADB-42F6-BDAF-A71E7042AF25}.Release|Any CPU.Build.0 = Release|Any CPU
		{0673C9D4-DADB-42F6-BDAF-A71E7042AF25}.Release|Any CPU.Deploy.0 = Release|Any CPU
		{AA078236-9FCA-4B5F-9E6B-6A4FF574902A}.Debug|Any CPU.ActiveCfg = Debug|Any CPU
		{AA078236-9FCA-4B5F-9E6B-6A4FF574902A}.Debug|Any CPU.Build.0 = Debug|Any CPU
		{AA078236-9FCA-4B5F-9E6B-6A4FF574902A}.Release|Any CPU.ActiveCfg = Release|Any CPU
		{AA078236-9FCA-4B5F-9E6B-6A4FF574902A}.Release|Any CPU.Build.0 = Release|Any CPU
	EndGlobalSection
	GlobalSection(SolutionProperties) = preSolution
		HideSolutionNode = FALSE
	EndGlobalSection
	GlobalSection(NestedProjects) = preSolution
		{BADDFB42-38CA-4211-BE47-8AA2E9F3B744} = {BEBEAD76-D4C9-4613-B625-EB5BE79378B6}
		{04EA74D9-1693-43F2-831A-AB89711CE405} = {BEBEAD76-D4C9-4613-B625-EB5BE79378B6}
		{0673C9D4-DADB-42F6-BDAF-A71E7042AF25} = {04EA74D9-1693-43F2-831A-AB89711CE405}
		{45BA3815-5F22-464C-A9DA-93AA9713A3F8} = {BEBEAD76-D4C9-4613-B625-EB5BE79378B6}
		{AA078236-9FCA-4B5F-9E6B-6A4FF574902A} = {45BA3815-5F22-464C-A9DA-93AA9713A3F8}
	EndGlobalSection
EndGlobal
